github.com/radlinskii/interpreter v1.0.1 h1:CjV25TOdd/TXTtwxfJ/b2wys3VMYroowiWWCQggm2P8=
github.com/radlinskii/interpreter v1.0.1/go.mod h1:cWRe52/4o4BXvgBecVC1+MkkA/eNREaeXUuNVwn0svI=
github.com/radlinskii/interpreter v1.0.4 h1:nHyIpCbyN6PNflNe8jtuwprNBdohaTJWYpMqin6Rtuk=
github.com/radlinskii/interpreter v1.0.4/go.mod h1:cWRe52/4o4BXvgBecVC1+MkkA/eNREaeXUuNVwn0svI=
